
Microsoft Visual Studio Solution File, Format Version 12.00
# Visual Studio Version 17
VisualStudioVersion = 17.14.35821.62 d17.14
MinimumVisualStudioVersion = 10.0.40219.1
Project("{FAE04EC0-301F-11D3-BF4B-00C04F79EFBC}") = "LineCallSoundChanger", "LineCallSoundChanger\LineCallSoundChanger.csproj", "{18EBDBA5-E080-4936-A065-9C1D0B0976F4}"
EndProject
Global
	GlobalSection(SolutionConfigurationPlatforms) = preSolution
		Debug|Any CPU = Debug|Any CPU
		Release|Any CPU = Release|Any CPU
	EndGlobalSection
	GlobalSection(ProjectConfigurationPlatforms) = postSolution
		{18EBDBA5-E080-4936-A065-9C1D0B0976F4}.Debug|Any CPU.ActiveCfg = Debug|Any CPU
		{18EBDBA5-E080-4936-A065-9C1D0B0976F4}.Debug|Any CPU.Build.0 = Debug|Any CPU
		{18EBDBA5-E080-4936-A065-9C1D0B0976F4}.Release|Any CPU.ActiveCfg = Release|Any CPU
		{18EBDBA5-E080-4936-A065-9C1D0B0976F4}.Release|Any CPU.Build.0 = Release|Any CPU
	EndGlobalSection
	GlobalSection(SolutionProperties) = preSolution
		HideSolutionNode = FALSE
	EndGlobalSection
	GlobalSection(ExtensibilityGlobals) = postSolution
		SolutionGuid = {A0B15926-277E-4255-9B9E-3644EB0610A5}
	EndGlobalSection
EndGlobal
